// !$*UTF8*$!
{
	archiveVersion = 1;
	classes = {
	};
	objectVersion = 45;
	objects = {

		4164AAEEF04ECA441DDDDE7B = { isa = PBXBuildFile; fileRef = F2AC6E685FCC44CC131A7B1D; };
		6F55B173FEC7A373FAE380AD = { isa = PBXBuildFile; fileRef = C4695A44A7BF78B46879564D; };
		ADABCED38F5C2AD3473B1E31 = { isa = PBXBuildFile; fileRef = 31AA8419EA5E8471F09CF9C5; };
		B595ED03CE9A71513DACC26D = { isa = PBXBuildFile; fileRef = 4061FC09C3AFFA76A8ADEFC7; };
		6910EB5D4B2A709D10E343A7 = { isa = PBXBuildFile; fileRef = AFEF6C09F6A2FBEFF0F38125; };
		252D045F35F9AB0F550CF335 = { isa = PBXBuildFile; fileRef = 7D09A08F798CEFF49EBA47C3; };
		59F24677F44F6BDBF90B2E2D = { isa = PBXBuildFile; fileRef = EB967E7CC5CD6C6266AD49B9; };
		5DF464D22E8B52D861ECC6A8 = { isa = PBXBuildFile; fileRef = 7ECA8108E04F1BEB324693FD; };
		5674CBC03F7B09AF88F25F1B = { isa = PBXBuildFile; fileRef = EE78E3CFA6D7742E910D3700; };
		520ADB511B36DFB7B3D79326 = { isa = PBXBuildFile; fileRef = 27AEBCBAB2C3F75165E0CB40; };
		6E91EBF2E7F296CFEDBCD721 = { isa = PBXBuildFile; fileRef = 71C585B6CFAE6A7449D44E8F; };
		7A27FC83C3CD6DC717911B2C = { isa = PBXBuildFile; fileRef = BAEC5EB1DC99ED982DB7C2DF; };
		F2AC6E685FCC44CC131A7B1D = { isa = PBXFileReference; lastKnownFileType = wrapper.framework; name = UIKit.framework; path = System/Library/Frameworks/UIKit.framework; sourceTree = SDKROOT; };
		C4695A44A7BF78B46879564D = { isa = PBXFileReference; lastKnownFileType = wrapper.framework; name = Foundation.framework; path = System/Library/Frameworks/Foundation.framework; sourceTree = SDKROOT; };
		31AA8419EA5E8471F09CF9C5 = { isa = PBXFileReference; lastKnownFileType = wrapper.framework; name = CoreGraphics.framework; path = System/Library/Frameworks/CoreGraphics.framework; sourceTree = SDKROOT; };
		4061FC09C3AFFA76A8ADEFC7 = { isa = PBXFileReference; lastKnownFileType = wrapper.framework; name = CoreText.framework; path = System/Library/Frameworks/CoreText.framework; sourceTree = SDKROOT; };
		AFEF6C09F6A2FBEFF0F38125 = { isa = PBXFileReference; lastKnownFileType = wrapper.framework; name = AudioToolbox.framework; path = System/Library/Frameworks/AudioToolbox.framework; sourceTree = SDKROOT; };
		7D09A08F798CEFF49EBA47C3 = { isa = PBXFileReference; lastKnownFileType = wrapper.framework; name = QuartzCore.framework; path = System/Library/Frameworks/QuartzCore.framework; sourceTree = SDKROOT; };
		EB967E7CC5CD6C6266AD49B9 = { isa = PBXFileReference; lastKnownFileType = wrapper.framework; name = OpenGLES.framework; path = System/Library/Frameworks/OpenGLES.framework; sourceTree = SDKROOT; };
		6C2CA7E329FB56A6EC3BC185 = { isa = PBXFileReference; explicitFileType = wrapper.application; includeInIndex = 0; path = jSpike.app; sourceTree = "BUILT_PRODUCTS_DIR"; };
		4E0F05E55A2290A6BCD97403 = { isa = PBXFileReference; lastKnownFileType = text.plist.xml; name = Info.plist; path = Info.plist; sourceTree = "SOURCE_ROOT"; };
		7ECA8108E04F1BEB324693FD = { isa = PBXFileReference; lastKnownFileType = sourcecode.cpp.cpp; name = Main.cpp; path = ../../Source/Main.cpp; sourceTree = "SOURCE_ROOT"; };
		12AACA6F48F17CBFCC217444 = { isa = PBXFileReference; lastKnownFileType = sourcecode.c.h; name = AppConfig.h; path = ../../JuceLibraryCode/AppConfig.h; sourceTree = "SOURCE_ROOT"; };
		D926911C4ABBA110314DE7A3 = { isa = PBXFileReference; lastKnownFileType = sourcecode.c.h; name = JuceHeader.h; path = ../../JuceLibraryCode/JuceHeader.h; sourceTree = "SOURCE_ROOT"; };
		EE78E3CFA6D7742E910D3700 = { isa = PBXFileReference; lastKnownFileType = sourcecode.cpp.objcpp; name = JuceLibraryCode1.mm; path = ../../JuceLibraryCode/JuceLibraryCode1.mm; sourceTree = "SOURCE_ROOT"; };
		27AEBCBAB2C3F75165E0CB40 = { isa = PBXFileReference; lastKnownFileType = sourcecode.cpp.objcpp; name = JuceLibraryCode2.mm; path = ../../JuceLibraryCode/JuceLibraryCode2.mm; sourceTree = "SOURCE_ROOT"; };
		71C585B6CFAE6A7449D44E8F = { isa = PBXFileReference; lastKnownFileType = sourcecode.cpp.objcpp; name = JuceLibraryCode3.mm; path = ../../JuceLibraryCode/JuceLibraryCode3.mm; sourceTree = "SOURCE_ROOT"; };
		BAEC5EB1DC99ED982DB7C2DF = { isa = PBXFileReference; lastKnownFileType = sourcecode.cpp.objcpp; name = JuceLibraryCode4.mm; path = ../../JuceLibraryCode/JuceLibraryCode4.mm; sourceTree = "SOURCE_ROOT"; };
		70734DE1B8E411978A1985D9 = { isa = PBXGroup; children = (
				7ECA8108E04F1BEB324693FD ); name = Source; sourceTree = "<group>"; };
		70918FC100F295FAE6A5E964 = { isa = PBXGroup; children = (
				12AACA6F48F17CBFCC217444,
				D926911C4ABBA110314DE7A3,
				EE78E3CFA6D7742E910D3700,
				27AEBCBAB2C3F75165E0CB40,
				71C585B6CFAE6A7449D44E8F,
				BAEC5EB1DC99ED982DB7C2DF ); name = "Juce Library Code"; sourceTree = "<group>"; };
		340FFFA6656ECA38A7BAEE86 = { isa = PBXGroup; children = (
				4E0F05E55A2290A6BCD97403 ); name = Resources; sourceTree = "<group>"; };
		58BEB57A4BD77C20170799E7 = { isa = PBXGroup; children = (
				F2AC6E685FCC44CC131A7B1D,
				C4695A44A7BF78B46879564D,
				31AA8419EA5E8471F09CF9C5,
				4061FC09C3AFFA76A8ADEFC7,
				AFEF6C09F6A2FBEFF0F38125,
				7D09A08F798CEFF49EBA47C3,
				EB967E7CC5CD6C6266AD49B9 ); name = Frameworks; sourceTree = "<group>"; };
		63B382F7AA18D767010CED43 = { isa = PBXGroup; children = (
				6C2CA7E329FB56A6EC3BC185 ); name = Products; sourceTree = "<group>"; };
		6D125E25EB254E6536E73B74 = { isa = PBXGroup; children = (
				70734DE1B8E411978A1985D9,
				70918FC100F295FAE6A5E964,
				340FFFA6656ECA38A7BAEE86,
				58BEB57A4BD77C20170799E7,
				63B382F7AA18D767010CED43 ); name = Source; sourceTree = "<group>"; };
		28DD59002E7A47F51B0E6BD4 = { isa = XCBuildConfiguration; buildSettings = {
				PREBINDING = NO;
				HEADER_SEARCH_PATHS = " $(inherited)";
				GCC_OPTIMIZATION_LEVEL = 0;
				INFOPLIST_FILE = Info.plist;
				INSTALL_PATH = "$(HOME)/Applications";
				ONLY_ACTIVE_ARCH = YES;
				COPY_PHASE_STRIP = NO;
				GCC_DYNAMIC_NO_PIC = NO;
				GCC_ENABLE_FIX_AND_CONTINUE = NO;
				GCC_PREPROCESSOR_DEFINITIONS = (
				"_DEBUG=1",
				"DEBUG=1",
				"JUCE_ObjCExtraSuffix=Z9hNnk",
				"JUCER_XCODE_IPHONE_5BC26AE3=1"); }; name = Debug; };
		B179E27349D2EDEF215AE9AC = { isa = XCBuildConfiguration; buildSettings = {
				PREBINDING = NO;
				HEADER_SEARCH_PATHS = " $(inherited)";
				GCC_OPTIMIZATION_LEVEL = s;
				INFOPLIST_FILE = Info.plist;
				INSTALL_PATH = "$(HOME)/Applications";
				GCC_GENERATE_DEBUGGING_SYMBOLS = NO;
				GCC_SYMBOLS_PRIVATE_EXTERN = YES;
				GCC_PREPROCESSOR_DEFINITIONS = (
				"_NDEBUG=1",
				"NDEBUG=1",
				"JUCE_ObjCExtraSuffix=Z9hNnk",
				"JUCER_XCODE_IPHONE_5BC26AE3=1"); }; name = Release; };
		A31CA13C0D7C5CEF2AF97E68 = { isa = XCBuildConfiguration; buildSettings = {
				ALWAYS_SEARCH_USER_PATHS = NO;
				GCC_C_LANGUAGE_STANDARD = c99;
				GCC_WARN_ABOUT_RETURN_TYPE = YES;
				GCC_WARN_CHECK_SWITCH_STATEMENTS = YES;
				GCC_WARN_UNUSED_VARIABLE = YES;
				GCC_WARN_MISSING_PARENTHESES = YES;
				GCC_WARN_NON_VIRTUAL_DESTRUCTOR = YES;
				GCC_WARN_TYPECHECK_CALLS_TO_PRINTF = YES;
				WARNING_CFLAGS = -Wreorder;
				GCC_MODEL_TUNING = G5;
				GCC_INLINES_ARE_PRIVATE_EXTERN = YES;
				"CODE_SIGN_IDENTITY[sdk=iphoneos*]" = "iPhone Developer";
				SDKROOT = iphoneos;
				TARGETED_DEVICE_FAMILY = "1,2";
				ZERO_LINK = NO;
				DEBUG_INFORMATION_FORMAT = "dwarf";
				PRODUCT_NAME = "jSpike"; }; name = Debug; };
		96A253A8D6336E645FD8807C = { isa = XCBuildConfiguration; buildSettings = {
				ALWAYS_SEARCH_USER_PATHS = NO;
				GCC_C_LANGUAGE_STANDARD = c99;
				GCC_WARN_ABOUT_RETURN_TYPE = YES;
				GCC_WARN_CHECK_SWITCH_STATEMENTS = YES;
				GCC_WARN_UNUSED_VARIABLE = YES;
				GCC_WARN_MISSING_PARENTHESES = YES;
				GCC_WARN_NON_VIRTUAL_DESTRUCTOR = YES;
				GCC_WARN_TYPECHECK_CALLS_TO_PRINTF = YES;
				WARNING_CFLAGS = -Wreorder;
				GCC_MODEL_TUNING = G5;
				GCC_INLINES_ARE_PRIVATE_EXTERN = YES;
				"CODE_SIGN_IDENTITY[sdk=iphoneos*]" = "iPhone Developer";
				SDKROOT = iphoneos;
				TARGETED_DEVICE_FAMILY = "1,2";
				ZERO_LINK = NO;
				DEBUG_INFORMATION_FORMAT = "dwarf";
				PRODUCT_NAME = "jSpike"; }; name = Release; };
		5E940C53794772DAAC585C46 = { isa = XCConfigurationList; buildConfigurations = (
				A31CA13C0D7C5CEF2AF97E68,
				96A253A8D6336E645FD8807C ); defaultConfigurationIsVisible = 0; defaultConfigurationName = Debug; };
		F6D7199E59AB3B224B68703A = { isa = XCConfigurationList; buildConfigurations = (
				28DD59002E7A47F51B0E6BD4,
				B179E27349D2EDEF215AE9AC ); defaultConfigurationIsVisible = 0; defaultConfigurationName = Debug; };
		D1062A96C2E25FC3A9A9E5FE = { isa = PBXResourcesBuildPhase; buildActionMask = 2147483647; files = (  ); runOnlyForDeploymentPostprocessing = 0; };
		AEAD26F592EE692003BB19AB = { isa = PBXSourcesBuildPhase; buildActionMask = 2147483647; files = (
				5DF464D22E8B52D861ECC6A8,
				5674CBC03F7B09AF88F25F1B,
				520ADB511B36DFB7B3D79326,
				6E91EBF2E7F296CFEDBCD721,
				7A27FC83C3CD6DC717911B2C ); runOnlyForDeploymentPostprocessing = 0; };
		52C2574E7BCAA3499C8D18AC = { isa = PBXFrameworksBuildPhase; buildActionMask = 2147483647; files = (
				4164AAEEF04ECA441DDDDE7B,
				6F55B173FEC7A373FAE380AD,
				ADABCED38F5C2AD3473B1E31,
				B595ED03CE9A71513DACC26D,
				6910EB5D4B2A709D10E343A7,
				252D045F35F9AB0F550CF335,
				59F24677F44F6BDBF90B2E2D ); runOnlyForDeploymentPostprocessing = 0; };
		26DEA151105EC866CD18846A = { isa = PBXNativeTarget; buildConfigurationList = F6D7199E59AB3B224B68703A; buildPhases = (
				D1062A96C2E25FC3A9A9E5FE,
				AEAD26F592EE692003BB19AB,
				52C2574E7BCAA3499C8D18AC ); buildRules = ( ); dependencies = ( ); name = jSpike; productName = jSpike; productReference = 6C2CA7E329FB56A6EC3BC185; productInstallPath = "$(HOME)/Applications"; productType = "com.apple.product-type.application"; };
		217733AA0063E658391DBAB1 = { isa = PBXProject; buildConfigurationList = 5E940C53794772DAAC585C46; compatibilityVersion = "Xcode 3.1"; hasScannedForEncodings = 0; mainGroup = 6D125E25EB254E6536E73B74; projectDirPath = ""; projectRoot = ""; targets = ( 26DEA151105EC866CD18846A ); };
	};
	rootObject = 217733AA0063E658391DBAB1;
}
