// !$*UTF8*$!
{
	archiveVersion = 1;
	classes = {
	};
	objectVersion = 45;
	objects = {

/* Begin PBXBuildFile section */
		014D0A0E280F5D686735D17A /* Carbon.framework in Frameworks */ = {isa = PBXBuildFile; fileRef = 9DEF6748D571B02CB2E1C4C6 /* Carbon.framework */; };
		109B587D2152CFC825592A6C /* CoreMIDI.framework in Frameworks */ = {isa = PBXBuildFile; fileRef = 3571B9CB47AE785C4C27F53F /* CoreMIDI.framework */; };
		11C15EB314A3CF74009D89F5 /* MainWindow.cpp in Sources */ = {isa = PBXBuildFile; fileRef = 11C15EB214A3CF74009D89F5 /* MainWindow.cpp */; };
		11C15EBA14A3D0BC009D89F5 /* datapacket.cpp in Sources */ = {isa = PBXBuildFile; fileRef = 11C15EB614A3D0BC009D89F5 /* datapacket.cpp */; };
		11C15EBB14A3D0BC009D89F5 /* netcom.cpp in Sources */ = {isa = PBXBuildFile; fileRef = 11C15EB814A3D0BC009D89F5 /* netcom.cpp */; };
		11C15ECC14A3D112009D89F5 /* ArteAxes.cpp in Sources */ = {isa = PBXBuildFile; fileRef = 11C15EBD14A3D112009D89F5 /* ArteAxes.cpp */; };
		11C15ECD14A3D112009D89F5 /* ArteTetrodePlot.cpp in Sources */ = {isa = PBXBuildFile; fileRef = 11C15EBF14A3D112009D89F5 /* ArteTetrodePlot.cpp */; };
		11C15ECE14A3D112009D89F5 /* ArteTitleBox.cpp in Sources */ = {isa = PBXBuildFile; fileRef = 11C15EC114A3D112009D89F5 /* ArteTitleBox.cpp */; };
		11C15ECF14A3D112009D89F5 /* ArteUIElement.cpp in Sources */ = {isa = PBXBuildFile; fileRef = 11C15EC314A3D112009D89F5 /* ArteUIElement.cpp */; };
		11C15ED014A3D112009D89F5 /* ArteWindow.cpp in Sources */ = {isa = PBXBuildFile; fileRef = 11C15EC514A3D112009D89F5 /* ArteWindow.cpp */; };
		11C15ED114A3D112009D89F5 /* PlotUtils.cpp in Sources */ = {isa = PBXBuildFile; fileRef = 11C15EC814A3D112009D89F5 /* PlotUtils.cpp */; };
		11C15ED214A3D112009D89F5 /* TetrodeSource.cpp in Sources */ = {isa = PBXBuildFile; fileRef = 11C15ECA14A3D112009D89F5 /* TetrodeSource.cpp */; };
		11C15EDA14A3D26C009D89F5 /* GLUT.framework in Frameworks */ = {isa = PBXBuildFile; fileRef = 11C15ED914A3D26C009D89F5 /* GLUT.framework */; };
		11C15EDD14A3D455009D89F5 /* ArteOpenGLComponent.cpp in Sources */ = {isa = PBXBuildFile; fileRef = 11C15EDC14A3D455009D89F5 /* ArteOpenGLComponent.cpp */; };
		252D045F35F9AB0F550CF335 /* QuartzCore.framework in Frameworks */ = {isa = PBXBuildFile; fileRef = 7D09A08F798CEFF49EBA47C3 /* QuartzCore.framework */; };
		30618BB049A36791094E96E0 /* WebKit.framework in Frameworks */ = {isa = PBXBuildFile; fileRef = CE5C922510299B6131FD776C /* WebKit.framework */; };
		520ADB511B36DFB7B3D79326 /* JuceLibraryCode2.mm in Sources */ = {isa = PBXBuildFile; fileRef = 27AEBCBAB2C3F75165E0CB40 /* JuceLibraryCode2.mm */; };
		5674CBC03F7B09AF88F25F1B /* JuceLibraryCode1.mm in Sources */ = {isa = PBXBuildFile; fileRef = EE78E3CFA6D7742E910D3700 /* JuceLibraryCode1.mm */; };
		5C6A7C866332F389F8166D62 /* IOKit.framework in Frameworks */ = {isa = PBXBuildFile; fileRef = 6F5B7BCC3769F1CFED196602 /* IOKit.framework */; };
		5DF464D22E8B52D861ECC6A8 /* Main.cpp in Sources */ = {isa = PBXBuildFile; fileRef = 7ECA8108E04F1BEB324693FD /* Main.cpp */; };
		6910EB5D4B2A709D10E343A7 /* AudioToolbox.framework in Frameworks */ = {isa = PBXBuildFile; fileRef = AFEF6C09F6A2FBEFF0F38125 /* AudioToolbox.framework */; };
		6E91EBF2E7F296CFEDBCD721 /* JuceLibraryCode3.mm in Sources */ = {isa = PBXBuildFile; fileRef = 71C585B6CFAE6A7449D44E8F /* JuceLibraryCode3.mm */; };
		767DB7FC2B90C97BAF881F88 /* DiscRecording.framework in Frameworks */ = {isa = PBXBuildFile; fileRef = FFEFE81642944C4070B9E8F6 /* DiscRecording.framework */; };
		78A37D3E3F2FEA63D67869DA /* QuickTime.framework in Frameworks */ = {isa = PBXBuildFile; fileRef = 2436501E2845F993E1ABE1FF /* QuickTime.framework */; };
		7A27FC83C3CD6DC717911B2C /* JuceLibraryCode4.mm in Sources */ = {isa = PBXBuildFile; fileRef = BAEC5EB1DC99ED982DB7C2DF /* JuceLibraryCode4.mm */; };
		9CEE159CAA79B8E362420425 /* CoreAudio.framework in Frameworks */ = {isa = PBXBuildFile; fileRef = 0EA68BD4B1A2FDCD5A772B86 /* CoreAudio.framework */; };
		C5193FBB94A4F2484FAB310C /* Cocoa.framework in Frameworks */ = {isa = PBXBuildFile; fileRef = 5FAAE8423F407F91E0B20822 /* Cocoa.framework */; };
		ED033ABD294AB24B74281D90 /* QTKit.framework in Frameworks */ = {isa = PBXBuildFile; fileRef = 71A1179B35CE4B4EB4F94A83 /* QTKit.framework */; };
		F4B597CDD86A5569BE709D8B /* OpenGL.framework in Frameworks */ = {isa = PBXBuildFile; fileRef = B95B8B324E1D26768EDAEC2B /* OpenGL.framework */; };
/* End PBXBuildFile section */

/* Begin PBXFileReference section */
		0EA68BD4B1A2FDCD5A772B86 /* CoreAudio.framework */ = {isa = PBXFileReference; lastKnownFileType = wrapper.framework; name = CoreAudio.framework; path = System/Library/Frameworks/CoreAudio.framework; sourceTree = SDKROOT; };
		11C15EB214A3CF74009D89F5 /* MainWindow.cpp */ = {isa = PBXFileReference; fileEncoding = 4; lastKnownFileType = sourcecode.cpp.cpp; name = MainWindow.cpp; path = ../../Source/MainWindow.cpp; sourceTree = "<group>"; };
		11C15EB514A3CF83009D89F5 /* MainWindow.h */ = {isa = PBXFileReference; fileEncoding = 4; lastKnownFileType = sourcecode.c.h; name = MainWindow.h; path = ../../Source/MainWindow.h; sourceTree = "<group>"; };
		11C15EB614A3D0BC009D89F5 /* datapacket.cpp */ = {isa = PBXFileReference; fileEncoding = 4; lastKnownFileType = sourcecode.cpp.cpp; name = datapacket.cpp; path = ../../../../src/arte/src/netcom/datapacket.cpp; sourceTree = "<group>"; };
		11C15EB714A3D0BC009D89F5 /* datapacket.h */ = {isa = PBXFileReference; fileEncoding = 4; lastKnownFileType = sourcecode.c.h; name = datapacket.h; path = ../../../../src/arte/src/netcom/datapacket.h; sourceTree = "<group>"; };
		11C15EB814A3D0BC009D89F5 /* netcom.cpp */ = {isa = PBXFileReference; fileEncoding = 4; lastKnownFileType = sourcecode.cpp.cpp; name = netcom.cpp; path = ../../../../src/arte/src/netcom/netcom.cpp; sourceTree = "<group>"; };
		11C15EB914A3D0BC009D89F5 /* netcom.h */ = {isa = PBXFileReference; fileEncoding = 4; lastKnownFileType = sourcecode.c.h; name = netcom.h; path = ../../../../src/arte/src/netcom/netcom.h; sourceTree = "<group>"; };
		11C15EBD14A3D112009D89F5 /* ArteAxes.cpp */ = {isa = PBXFileReference; fileEncoding = 4; lastKnownFileType = sourcecode.cpp.cpp; name = ArteAxes.cpp; path = ../../../../src/arte/src/visualizers/vis2/ArteAxes.cpp; sourceTree = "<group>"; };
		11C15EBE14A3D112009D89F5 /* ArteAxes.h */ = {isa = PBXFileReference; fileEncoding = 4; lastKnownFileType = sourcecode.c.h; name = ArteAxes.h; path = ../../../../src/arte/src/visualizers/vis2/ArteAxes.h; sourceTree = "<group>"; };
		11C15EBF14A3D112009D89F5 /* ArteTetrodePlot.cpp */ = {isa = PBXFileReference; fileEncoding = 4; lastKnownFileType = sourcecode.cpp.cpp; name = ArteTetrodePlot.cpp; path = ../../../../src/arte/src/visualizers/vis2/ArteTetrodePlot.cpp; sourceTree = "<group>"; };
		11C15EC014A3D112009D89F5 /* ArteTetrodePlot.h */ = {isa = PBXFileReference; fileEncoding = 4; lastKnownFileType = sourcecode.c.h; name = ArteTetrodePlot.h; path = ../../../../src/arte/src/visualizers/vis2/ArteTetrodePlot.h; sourceTree = "<group>"; };
		11C15EC114A3D112009D89F5 /* ArteTitleBox.cpp */ = {isa = PBXFileReference; fileEncoding = 4; lastKnownFileType = sourcecode.cpp.cpp; name = ArteTitleBox.cpp; path = ../../../../src/arte/src/visualizers/vis2/ArteTitleBox.cpp; sourceTree = "<group>"; };
		11C15EC214A3D112009D89F5 /* ArteTitleBox.h */ = {isa = PBXFileReference; fileEncoding = 4; lastKnownFileType = sourcecode.c.h; name = ArteTitleBox.h; path = ../../../../src/arte/src/visualizers/vis2/ArteTitleBox.h; sourceTree = "<group>"; };
		11C15EC314A3D112009D89F5 /* ArteUIElement.cpp */ = {isa = PBXFileReference; fileEncoding = 4; lastKnownFileType = sourcecode.cpp.cpp; name = ArteUIElement.cpp; path = ../../../../src/arte/src/visualizers/vis2/ArteUIElement.cpp; sourceTree = "<group>"; };
		11C15EC414A3D112009D89F5 /* ArteUIElement.h */ = {isa = PBXFileReference; fileEncoding = 4; lastKnownFileType = sourcecode.c.h; name = ArteUIElement.h; path = ../../../../src/arte/src/visualizers/vis2/ArteUIElement.h; sourceTree = "<group>"; };
		11C15EC514A3D112009D89F5 /* ArteWindow.cpp */ = {isa = PBXFileReference; fileEncoding = 4; lastKnownFileType = sourcecode.cpp.cpp; name = ArteWindow.cpp; path = ../../../../src/arte/src/visualizers/vis2/ArteWindow.cpp; sourceTree = "<group>"; };
		11C15EC614A3D112009D89F5 /* ArteWindow.h */ = {isa = PBXFileReference; fileEncoding = 4; lastKnownFileType = sourcecode.c.h; name = ArteWindow.h; path = ../../../../src/arte/src/visualizers/vis2/ArteWindow.h; sourceTree = "<group>"; };
		11C15EC714A3D112009D89F5 /* AxesLimits.h */ = {isa = PBXFileReference; fileEncoding = 4; lastKnownFileType = sourcecode.c.h; name = AxesLimits.h; path = ../../../../src/arte/src/visualizers/vis2/AxesLimits.h; sourceTree = "<group>"; };
		11C15EC814A3D112009D89F5 /* PlotUtils.cpp */ = {isa = PBXFileReference; fileEncoding = 4; lastKnownFileType = sourcecode.cpp.cpp; name = PlotUtils.cpp; path = ../../../../src/arte/src/visualizers/vis2/PlotUtils.cpp; sourceTree = "<group>"; };
		11C15EC914A3D112009D89F5 /* PlotUtils.h */ = {isa = PBXFileReference; fileEncoding = 4; lastKnownFileType = sourcecode.c.h; name = PlotUtils.h; path = ../../../../src/arte/src/visualizers/vis2/PlotUtils.h; sourceTree = "<group>"; };
		11C15ECA14A3D112009D89F5 /* TetrodeSource.cpp */ = {isa = PBXFileReference; fileEncoding = 4; lastKnownFileType = sourcecode.cpp.cpp; name = TetrodeSource.cpp; path = ../../../../src/arte/src/visualizers/vis2/TetrodeSource.cpp; sourceTree = "<group>"; };
		11C15ECB14A3D112009D89F5 /* TetrodeSource.h */ = {isa = PBXFileReference; fileEncoding = 4; lastKnownFileType = sourcecode.c.h; name = TetrodeSource.h; path = ../../../../src/arte/src/visualizers/vis2/TetrodeSource.h; sourceTree = "<group>"; };
		11C15ED514A3D23A009D89F5 /* global_defs.h */ = {isa = PBXFileReference; fileEncoding = 4; lastKnownFileType = sourcecode.c.h; name = global_defs.h; path = ../../../../src/arte/include/common/global_defs.h; sourceTree = "<group>"; };
		11C15ED614A3D23A009D89F5 /* unp.h */ = {isa = PBXFileReference; fileEncoding = 4; lastKnownFileType = sourcecode.c.h; name = unp.h; path = ../../../../src/arte/include/common/unp.h; sourceTree = "<group>"; };
		11C15ED714A3D23A009D89F5 /* util.h */ = {isa = PBXFileReference; fileEncoding = 4; lastKnownFileType = sourcecode.c.h; name = util.h; path = ../../../../src/arte/include/common/util.h; sourceTree = "<group>"; };
		11C15ED814A3D264009D89F5 /* OpenGL.framework */ = {isa = PBXFileReference; lastKnownFileType = wrapper.framework; name = OpenGL.framework; path = /System/Library/Frameworks/OpenGL.framework; sourceTree = "<absolute>"; };
		11C15ED914A3D26C009D89F5 /* GLUT.framework */ = {isa = PBXFileReference; lastKnownFileType = wrapper.framework; name = GLUT.framework; path = /System/Library/Frameworks/GLUT.framework; sourceTree = "<absolute>"; };
		11C15EDC14A3D455009D89F5 /* ArteOpenGLComponent.cpp */ = {isa = PBXFileReference; fileEncoding = 4; lastKnownFileType = sourcecode.cpp.cpp; name = ArteOpenGLComponent.cpp; path = ../../Source/ArteOpenGLComponent.cpp; sourceTree = "<group>"; };
		11DACA8514AA34C300B9817A /* ArteKeyEvent.h */ = {isa = PBXFileReference; fileEncoding = 4; lastKnownFileType = sourcecode.c.h; name = ArteKeyEvent.h; path = ../../../../src/arte/src/visualizers/vis2/ArteKeyEvent.h; sourceTree = "<group>"; };
		12AACA6F48F17CBFCC217444 /* AppConfig.h */ = {isa = PBXFileReference; lastKnownFileType = sourcecode.c.h; name = AppConfig.h; path = ../../JuceLibraryCode/AppConfig.h; sourceTree = SOURCE_ROOT; };
		2436501E2845F993E1ABE1FF /* QuickTime.framework */ = {isa = PBXFileReference; lastKnownFileType = wrapper.framework; name = QuickTime.framework; path = System/Library/Frameworks/QuickTime.framework; sourceTree = SDKROOT; };
		27AEBCBAB2C3F75165E0CB40 /* JuceLibraryCode2.mm */ = {isa = PBXFileReference; lastKnownFileType = sourcecode.cpp.objcpp; name = JuceLibraryCode2.mm; path = ../../JuceLibraryCode/JuceLibraryCode2.mm; sourceTree = SOURCE_ROOT; };
		3571B9CB47AE785C4C27F53F /* CoreMIDI.framework */ = {isa = PBXFileReference; lastKnownFileType = wrapper.framework; name = CoreMIDI.framework; path = System/Library/Frameworks/CoreMIDI.framework; sourceTree = SDKROOT; };
		4E0F05E55A2290A6BCD97403 /* Info.plist */ = {isa = PBXFileReference; lastKnownFileType = text.plist.xml; path = Info.plist; sourceTree = SOURCE_ROOT; };
		5FAAE8423F407F91E0B20822 /* Cocoa.framework */ = {isa = PBXFileReference; lastKnownFileType = wrapper.framework; name = Cocoa.framework; path = System/Library/Frameworks/Cocoa.framework; sourceTree = SDKROOT; };
		6C2CA7E329FB56A6EC3BC185 /* jSpike.app */ = {isa = PBXFileReference; explicitFileType = wrapper.application; includeInIndex = 0; path = jSpike.app; sourceTree = BUILT_PRODUCTS_DIR; };
		6F5B7BCC3769F1CFED196602 /* IOKit.framework */ = {isa = PBXFileReference; lastKnownFileType = wrapper.framework; name = IOKit.framework; path = System/Library/Frameworks/IOKit.framework; sourceTree = SDKROOT; };
		71A1179B35CE4B4EB4F94A83 /* QTKit.framework */ = {isa = PBXFileReference; lastKnownFileType = wrapper.framework; name = QTKit.framework; path = System/Library/Frameworks/QTKit.framework; sourceTree = SDKROOT; };
		71C585B6CFAE6A7449D44E8F /* JuceLibraryCode3.mm */ = {isa = PBXFileReference; lastKnownFileType = sourcecode.cpp.objcpp; name = JuceLibraryCode3.mm; path = ../../JuceLibraryCode/JuceLibraryCode3.mm; sourceTree = SOURCE_ROOT; };
		7D09A08F798CEFF49EBA47C3 /* QuartzCore.framework */ = {isa = PBXFileReference; lastKnownFileType = wrapper.framework; name = QuartzCore.framework; path = System/Library/Frameworks/QuartzCore.framework; sourceTree = SDKROOT; };
		7ECA8108E04F1BEB324693FD /* Main.cpp */ = {isa = PBXFileReference; lastKnownFileType = sourcecode.cpp.cpp; name = Main.cpp; path = ../../Source/Main.cpp; sourceTree = SOURCE_ROOT; };
		9DEF6748D571B02CB2E1C4C6 /* Carbon.framework */ = {isa = PBXFileReference; lastKnownFileType = wrapper.framework; name = Carbon.framework; path = System/Library/Frameworks/Carbon.framework; sourceTree = SDKROOT; };
		AFEF6C09F6A2FBEFF0F38125 /* AudioToolbox.framework */ = {isa = PBXFileReference; lastKnownFileType = wrapper.framework; name = AudioToolbox.framework; path = System/Library/Frameworks/AudioToolbox.framework; sourceTree = SDKROOT; };
		B95B8B324E1D26768EDAEC2B /* OpenGL.framework */ = {isa = PBXFileReference; lastKnownFileType = wrapper.framework; name = OpenGL.framework; path = System/Library/Frameworks/OpenGL.framework; sourceTree = SDKROOT; };
		BAEC5EB1DC99ED982DB7C2DF /* JuceLibraryCode4.mm */ = {isa = PBXFileReference; lastKnownFileType = sourcecode.cpp.objcpp; name = JuceLibraryCode4.mm; path = ../../JuceLibraryCode/JuceLibraryCode4.mm; sourceTree = SOURCE_ROOT; };
		CE5C922510299B6131FD776C /* WebKit.framework */ = {isa = PBXFileReference; lastKnownFileType = wrapper.framework; name = WebKit.framework; path = System/Library/Frameworks/WebKit.framework; sourceTree = SDKROOT; };
		D926911C4ABBA110314DE7A3 /* JuceHeader.h */ = {isa = PBXFileReference; lastKnownFileType = sourcecode.c.h; name = JuceHeader.h; path = ../../JuceLibraryCode/JuceHeader.h; sourceTree = SOURCE_ROOT; };
		EE78E3CFA6D7742E910D3700 /* JuceLibraryCode1.mm */ = {isa = PBXFileReference; lastKnownFileType = sourcecode.cpp.objcpp; name = JuceLibraryCode1.mm; path = ../../JuceLibraryCode/JuceLibraryCode1.mm; sourceTree = SOURCE_ROOT; };
		FFEFE81642944C4070B9E8F6 /* DiscRecording.framework */ = {isa = PBXFileReference; lastKnownFileType = wrapper.framework; name = DiscRecording.framework; path = System/Library/Frameworks/DiscRecording.framework; sourceTree = SDKROOT; };
/* End PBXFileReference section */

/* Begin PBXFrameworksBuildPhase section */
		52C2574E7BCAA3499C8D18AC /* Frameworks */ = {
			isa = PBXFrameworksBuildPhase;
			buildActionMask = 2147483647;
			files = (
				11C15EDA14A3D26C009D89F5 /* GLUT.framework in Frameworks */,
				F4B597CDD86A5569BE709D8B /* OpenGL.framework in Frameworks */,
				C5193FBB94A4F2484FAB310C /* Cocoa.framework in Frameworks */,
				014D0A0E280F5D686735D17A /* Carbon.framework in Frameworks */,
				5C6A7C866332F389F8166D62 /* IOKit.framework in Frameworks */,
				9CEE159CAA79B8E362420425 /* CoreAudio.framework in Frameworks */,
				109B587D2152CFC825592A6C /* CoreMIDI.framework in Frameworks */,
				30618BB049A36791094E96E0 /* WebKit.framework in Frameworks */,
				767DB7FC2B90C97BAF881F88 /* DiscRecording.framework in Frameworks */,
				252D045F35F9AB0F550CF335 /* QuartzCore.framework in Frameworks */,
				ED033ABD294AB24B74281D90 /* QTKit.framework in Frameworks */,
				78A37D3E3F2FEA63D67869DA /* QuickTime.framework in Frameworks */,
				6910EB5D4B2A709D10E343A7 /* AudioToolbox.framework in Frameworks */,
			);
			runOnlyForDeploymentPostprocessing = 0;
		};
/* End PBXFrameworksBuildPhase section */

/* Begin PBXGroup section */
		11C15EBC14A3D0C8009D89F5 /* NetCom */ = {
			isa = PBXGroup;
			children = (
				11C15EB614A3D0BC009D89F5 /* datapacket.cpp */,
				11C15EB714A3D0BC009D89F5 /* datapacket.h */,
				11C15EB814A3D0BC009D89F5 /* netcom.cpp */,
				11C15EB914A3D0BC009D89F5 /* netcom.h */,
			);
			name = NetCom;
			sourceTree = "<group>";
		};
		11C15ED314A3D118009D89F5 /* ArteElements */ = {
			isa = PBXGroup;
			children = (
				11DACA8514AA34C300B9817A /* ArteKeyEvent.h */,
				11C15EBD14A3D112009D89F5 /* ArteAxes.cpp */,
				11C15EBE14A3D112009D89F5 /* ArteAxes.h */,
				11C15EBF14A3D112009D89F5 /* ArteTetrodePlot.cpp */,
				11C15EC014A3D112009D89F5 /* ArteTetrodePlot.h */,
				11C15EC114A3D112009D89F5 /* ArteTitleBox.cpp */,
				11C15EC214A3D112009D89F5 /* ArteTitleBox.h */,
				11C15EC314A3D112009D89F5 /* ArteUIElement.cpp */,
				11C15EC414A3D112009D89F5 /* ArteUIElement.h */,
				11C15EC514A3D112009D89F5 /* ArteWindow.cpp */,
				11C15EC614A3D112009D89F5 /* ArteWindow.h */,
				11C15EC714A3D112009D89F5 /* AxesLimits.h */,
				11C15EC814A3D112009D89F5 /* PlotUtils.cpp */,
				11C15EC914A3D112009D89F5 /* PlotUtils.h */,
				11C15ECA14A3D112009D89F5 /* TetrodeSource.cpp */,
				11C15ECB14A3D112009D89F5 /* TetrodeSource.h */,
			);
			name = ArteElements;
			sourceTree = "<group>";
		};
		11C15ED414A3D223009D89F5 /* Includes */ = {
			isa = PBXGroup;
			children = (
				11C15ED514A3D23A009D89F5 /* global_defs.h */,
				11C15ED614A3D23A009D89F5 /* unp.h */,
				11C15ED714A3D23A009D89F5 /* util.h */,
			);
			name = Includes;
			sourceTree = "<group>";
		};
		11C15EDB14A3D28C009D89F5 /* Juce */ = {
			isa = PBXGroup;
			children = (
				7ECA8108E04F1BEB324693FD /* Main.cpp */,
				11C15EB214A3CF74009D89F5 /* MainWindow.cpp */,
				11C15EB514A3CF83009D89F5 /* MainWindow.h */,
				11C15EDC14A3D455009D89F5 /* ArteOpenGLComponent.cpp */,
			);
			name = Juce;
			sourceTree = "<group>";
		};
		340FFFA6656ECA38A7BAEE86 /* Resources */ = {
			isa = PBXGroup;
			children = (
				4E0F05E55A2290A6BCD97403 /* Info.plist */,
			);
			name = Resources;
			sourceTree = "<group>";
		};
		58BEB57A4BD77C20170799E7 /* Frameworks */ = {
			isa = PBXGroup;
			children = (
				11C15ED914A3D26C009D89F5 /* GLUT.framework */,
				11C15ED814A3D264009D89F5 /* OpenGL.framework */,
				5FAAE8423F407F91E0B20822 /* Cocoa.framework */,
				9DEF6748D571B02CB2E1C4C6 /* Carbon.framework */,
				6F5B7BCC3769F1CFED196602 /* IOKit.framework */,
				0EA68BD4B1A2FDCD5A772B86 /* CoreAudio.framework */,
				3571B9CB47AE785C4C27F53F /* CoreMIDI.framework */,
				CE5C922510299B6131FD776C /* WebKit.framework */,
				FFEFE81642944C4070B9E8F6 /* DiscRecording.framework */,
				B95B8B324E1D26768EDAEC2B /* OpenGL.framework */,
				7D09A08F798CEFF49EBA47C3 /* QuartzCore.framework */,
				71A1179B35CE4B4EB4F94A83 /* QTKit.framework */,
				2436501E2845F993E1ABE1FF /* QuickTime.framework */,
				AFEF6C09F6A2FBEFF0F38125 /* AudioToolbox.framework */,
			);
			name = Frameworks;
			sourceTree = "<group>";
		};
		63B382F7AA18D767010CED43 /* Products */ = {
			isa = PBXGroup;
			children = (
				6C2CA7E329FB56A6EC3BC185 /* jSpike.app */,
			);
			name = Products;
			sourceTree = "<group>";
		};
		6D125E25EB254E6536E73B74 /* Source */ = {
			isa = PBXGroup;
			children = (
				70734DE1B8E411978A1985D9 /* Source */,
				70918FC100F295FAE6A5E964 /* Juce Library Code */,
				340FFFA6656ECA38A7BAEE86 /* Resources */,
				58BEB57A4BD77C20170799E7 /* Frameworks */,
				63B382F7AA18D767010CED43 /* Products */,
			);
			name = Source;
			sourceTree = "<group>";
		};
		70734DE1B8E411978A1985D9 /* Source */ = {
			isa = PBXGroup;
			children = (
				11C15EDB14A3D28C009D89F5 /* Juce */,
				11C15ED414A3D223009D89F5 /* Includes */,
				11C15ED314A3D118009D89F5 /* ArteElements */,
				11C15EBC14A3D0C8009D89F5 /* NetCom */,
			);
			name = Source;
			sourceTree = "<group>";
		};
		70918FC100F295FAE6A5E964 /* Juce Library Code */ = {
			isa = PBXGroup;
			children = (
				12AACA6F48F17CBFCC217444 /* AppConfig.h */,
				D926911C4ABBA110314DE7A3 /* JuceHeader.h */,
				EE78E3CFA6D7742E910D3700 /* JuceLibraryCode1.mm */,
				27AEBCBAB2C3F75165E0CB40 /* JuceLibraryCode2.mm */,
				71C585B6CFAE6A7449D44E8F /* JuceLibraryCode3.mm */,
				BAEC5EB1DC99ED982DB7C2DF /* JuceLibraryCode4.mm */,
			);
			name = "Juce Library Code";
			sourceTree = "<group>";
		};
/* End PBXGroup section */

/* Begin PBXNativeTarget section */
		26DEA151105EC866CD18846A /* jSpike */ = {
			isa = PBXNativeTarget;
			buildConfigurationList = F6D7199E59AB3B224B68703A /* Build configuration list for PBXNativeTarget "jSpike" */;
			buildPhases = (
				D1062A96C2E25FC3A9A9E5FE /* Resources */,
				AEAD26F592EE692003BB19AB /* Sources */,
				52C2574E7BCAA3499C8D18AC /* Frameworks */,
			);
			buildRules = (
			);
			dependencies = (
			);
			name = jSpike;
			productInstallPath = "$(HOME)/Applications";
			productName = jSpike;
			productReference = 6C2CA7E329FB56A6EC3BC185 /* jSpike.app */;
			productType = "com.apple.product-type.application";
		};
/* End PBXNativeTarget section */

/* Begin PBXProject section */
		217733AA0063E658391DBAB1 /* Project object */ = {
			isa = PBXProject;
			buildConfigurationList = 5E940C53794772DAAC585C46 /* Build configuration list for PBXProject "jSpike" */;
			compatibilityVersion = "Xcode 3.1";
			developmentRegion = English;
			hasScannedForEncodings = 0;
			knownRegions = (
				en,
			);
			mainGroup = 6D125E25EB254E6536E73B74 /* Source */;
			projectDirPath = "";
			projectRoot = "";
			targets = (
				26DEA151105EC866CD18846A /* jSpike */,
			);
		};
/* End PBXProject section */

/* Begin PBXResourcesBuildPhase section */
		D1062A96C2E25FC3A9A9E5FE /* Resources */ = {
			isa = PBXResourcesBuildPhase;
			buildActionMask = 2147483647;
			files = (
			);
			runOnlyForDeploymentPostprocessing = 0;
		};
/* End PBXResourcesBuildPhase section */

/* Begin PBXSourcesBuildPhase section */
		AEAD26F592EE692003BB19AB /* Sources */ = {
			isa = PBXSourcesBuildPhase;
			buildActionMask = 2147483647;
			files = (
				5DF464D22E8B52D861ECC6A8 /* Main.cpp in Sources */,
				5674CBC03F7B09AF88F25F1B /* JuceLibraryCode1.mm in Sources */,
				520ADB511B36DFB7B3D79326 /* JuceLibraryCode2.mm in Sources */,
				6E91EBF2E7F296CFEDBCD721 /* JuceLibraryCode3.mm in Sources */,
				7A27FC83C3CD6DC717911B2C /* JuceLibraryCode4.mm in Sources */,
				11C15EB314A3CF74009D89F5 /* MainWindow.cpp in Sources */,
				11C15EBA14A3D0BC009D89F5 /* datapacket.cpp in Sources */,
				11C15EBB14A3D0BC009D89F5 /* netcom.cpp in Sources */,
				11C15ECC14A3D112009D89F5 /* ArteAxes.cpp in Sources */,
				11C15ECD14A3D112009D89F5 /* ArteTetrodePlot.cpp in Sources */,
				11C15ECE14A3D112009D89F5 /* ArteTitleBox.cpp in Sources */,
				11C15ECF14A3D112009D89F5 /* ArteUIElement.cpp in Sources */,
				11C15ED014A3D112009D89F5 /* ArteWindow.cpp in Sources */,
				11C15ED114A3D112009D89F5 /* PlotUtils.cpp in Sources */,
				11C15ED214A3D112009D89F5 /* TetrodeSource.cpp in Sources */,
				11C15EDD14A3D455009D89F5 /* ArteOpenGLComponent.cpp in Sources */,
			);
			runOnlyForDeploymentPostprocessing = 0;
		};
/* End PBXSourcesBuildPhase section */

/* Begin XCBuildConfiguration section */
		28DD59002E7A47F51B0E6BD4 /* Debug */ = {
			isa = XCBuildConfiguration;
			buildSettings = {
				COPY_PHASE_STRIP = NO;
				GCC_DYNAMIC_NO_PIC = NO;
				GCC_ENABLE_FIX_AND_CONTINUE = NO;
				GCC_OPTIMIZATION_LEVEL = 0;
				GCC_PREPROCESSOR_DEFINITIONS = (
					"_DEBUG=1",
					"DEBUG=1",
					"JUCE_ObjCExtraSuffix=mCuIUT",
					"JUCER_XCODE_MAC_F6D2F4CF=1",
				);
				HEADER_SEARCH_PATHS = "$(inherited)";
				INFOPLIST_FILE = Info.plist;
				INSTALL_PATH = "$(HOME)/Applications";
				MACOSX_DEPLOYMENT_TARGET_ppc = 10.4;
				ONLY_ACTIVE_ARCH = YES;
				PREBINDING = NO;
			};
			name = Debug;
		};
		96A253A8D6336E645FD8807C /* Release */ = {
			isa = XCBuildConfiguration;
			buildSettings = {
				ALWAYS_SEARCH_USER_PATHS = NO;
				DEBUG_INFORMATION_FORMAT = dwarf;
				GCC_C_LANGUAGE_STANDARD = c99;
				GCC_INLINES_ARE_PRIVATE_EXTERN = YES;
				GCC_MODEL_TUNING = G5;
				GCC_WARN_ABOUT_RETURN_TYPE = YES;
				GCC_WARN_CHECK_SWITCH_STATEMENTS = YES;
				GCC_WARN_MISSING_PARENTHESES = YES;
				GCC_WARN_NON_VIRTUAL_DESTRUCTOR = YES;
				GCC_WARN_TYPECHECK_CALLS_TO_PRINTF = YES;
				GCC_WARN_UNUSED_VARIABLE = YES;
				PRODUCT_NAME = jSpike;
				WARNING_CFLAGS = "-Wreorder";
				ZERO_LINK = NO;
			};
			name = Release;
		};
		A31CA13C0D7C5CEF2AF97E68 /* Debug */ = {
			isa = XCBuildConfiguration;
			buildSettings = {
				ALWAYS_SEARCH_USER_PATHS = NO;
				DEBUG_INFORMATION_FORMAT = dwarf;
				GCC_C_LANGUAGE_STANDARD = c99;
				GCC_INLINES_ARE_PRIVATE_EXTERN = YES;
				GCC_MODEL_TUNING = G5;
				GCC_WARN_ABOUT_RETURN_TYPE = YES;
				GCC_WARN_CHECK_SWITCH_STATEMENTS = YES;
				GCC_WARN_MISSING_PARENTHESES = YES;
				GCC_WARN_NON_VIRTUAL_DESTRUCTOR = YES;
				GCC_WARN_TYPECHECK_CALLS_TO_PRINTF = YES;
				GCC_WARN_UNUSED_VARIABLE = YES;
				PRODUCT_NAME = jSpike;
				WARNING_CFLAGS = "-Wreorder";
				ZERO_LINK = NO;
			};
			name = Debug;
		};
		B179E27349D2EDEF215AE9AC /* Release */ = {
			isa = XCBuildConfiguration;
			buildSettings = {
				GCC_GENERATE_DEBUGGING_SYMBOLS = NO;
				GCC_OPTIMIZATION_LEVEL = s;
				GCC_PREPROCESSOR_DEFINITIONS = (
					"_NDEBUG=1",
					"NDEBUG=1",
					"JUCE_ObjCExtraSuffix=mCuIUT",
					"JUCER_XCODE_MAC_F6D2F4CF=1",
				);
				GCC_SYMBOLS_PRIVATE_EXTERN = YES;
				HEADER_SEARCH_PATHS = "$(inherited)";
				INFOPLIST_FILE = Info.plist;
				INSTALL_PATH = "$(HOME)/Applications";
				MACOSX_DEPLOYMENT_TARGET_ppc = 10.4;
				PREBINDING = NO;
			};
			name = Release;
		};
/* End XCBuildConfiguration section */

/* Begin XCConfigurationList section */
		5E940C53794772DAAC585C46 /* Build configuration list for PBXProject "jSpike" */ = {
			isa = XCConfigurationList;
			buildConfigurations = (
				A31CA13C0D7C5CEF2AF97E68 /* Debug */,
				96A253A8D6336E645FD8807C /* Release */,
			);
			defaultConfigurationIsVisible = 0;
			defaultConfigurationName = Debug;
		};
		F6D7199E59AB3B224B68703A /* Build configuration list for PBXNativeTarget "jSpike" */ = {
			isa = XCConfigurationList;
			buildConfigurations = (
				28DD59002E7A47F51B0E6BD4 /* Debug */,
				B179E27349D2EDEF215AE9AC /* Release */,
			);
			defaultConfigurationIsVisible = 0;
			defaultConfigurationName = Debug;
		};
/* End XCConfigurationList section */
	};
	rootObject = 217733AA0063E658391DBAB1 /* Project object */;
}
